{
  "name": "boxing",
  "version": "1.0.0",
  "lockfileVersion": 3,
  "requires": true,
  "packages": {
    "": {
      "name": "boxing",
      "version": "1.0.0",
      "license": "ISC",
      "dependencies": {
        "@dimforge/rapier3d-compat": "^0.13.1"
      }
    },
    "node_modules/@dimforge/rapier3d-compat": {
      "version": "0.13.1",
      "resolved": "https://registry.npmjs.org/@dimforge/rapier3d-compat/-/rapier3d-compat-0.13.1.tgz",
      "integrity": "sha512-SsQ/MTH4Vvs8f62g31iVV1VOmzwNwsJl91rVzafi5B2mCrI2OsQ3VyjJOb4/tvS5VNc6OLjIDgfClcOAkW+O2A==",
      "license": "Apache-2.0"
    }
  }
}
